// !$*UTF8*$!
{
	archiveVersion = 1;
	classes = {
	};
	objectVersion = 46;
	objects = {

/* Begin PBXBuildFile section */
		E101A6DD1C4855F500441BAF /* AppDelegate.swift in Sources */ = {isa = PBXBuildFile; fileRef = E101A6DC1C4855F500441BAF /* AppDelegate.swift */; };
		E101A6E21C4855F500441BAF /* Main.storyboard in Resources */ = {isa = PBXBuildFile; fileRef = E101A6E01C4855F500441BAF /* Main.storyboard */; };
		E101A6E41C4855F500441BAF /* Assets.xcassets in Resources */ = {isa = PBXBuildFile; fileRef = E101A6E31C4855F500441BAF /* Assets.xcassets */; };
		E101A6E71C4855F500441BAF /* LaunchScreen.storyboard in Resources */ = {isa = PBXBuildFile; fileRef = E101A6E51C4855F500441BAF /* LaunchScreen.storyboard */; };
		E101A6EF1C49A38500441BAF /* ConversionViewController.swift in Sources */ = {isa = PBXBuildFile; fileRef = E101A6EE1C49A38500441BAF /* ConversionViewController.swift */; };
		E182528B1C4DD78A0097E4C4 /* MapKit.framework in Frameworks */ = {isa = PBXBuildFile; fileRef = E182528A1C4DD78A0097E4C4 /* MapKit.framework */; };
		E182528D1C4DDE560097E4C4 /* MapViewController.swift in Sources */ = {isa = PBXBuildFile; fileRef = E182528C1C4DDE560097E4C4 /* MapViewController.swift */; };
		E182528F1C514C8E0097E4C4 /* WebViewController.swift in Sources */ = {isa = PBXBuildFile; fileRef = E182528E1C514C8E0097E4C4 /* WebViewController.swift */; };
/* End PBXBuildFile section */

/* Begin PBXFileReference section */
		E101A6D91C4855F500441BAF /* WorldTrotter.app */ = {isa = PBXFileReference; explicitFileType = wrapper.application; includeInIndex = 0; path = WorldTrotter.app; sourceTree = BUILT_PRODUCTS_DIR; };
		E101A6DC1C4855F500441BAF /* AppDelegate.swift */ = {isa = PBXFileReference; lastKnownFileType = sourcecode.swift; path = AppDelegate.swift; sourceTree = "<group>"; };
		E101A6E11C4855F500441BAF /* Base */ = {isa = PBXFileReference; lastKnownFileType = file.storyboard; name = Base; path = Base.lproj/Main.storyboard; sourceTree = "<group>"; };
		E101A6E31C4855F500441BAF /* Assets.xcassets */ = {isa = PBXFileReference; lastKnownFileType = folder.assetcatalog; path = Assets.xcassets; sourceTree = "<group>"; };
		E101A6E61C4855F500441BAF /* Base */ = {isa = PBXFileReference; lastKnownFileType = file.storyboard; name = Base; path = Base.lproj/LaunchScreen.storyboard; sourceTree = "<group>"; };
		E101A6E81C4855F500441BAF /* Info.plist */ = {isa = PBXFileReference; lastKnownFileType = text.plist.xml; path = Info.plist; sourceTree = "<group>"; };
		E101A6EE1C49A38500441BAF /* ConversionViewController.swift */ = {isa = PBXFileReference; fileEncoding = 4; lastKnownFileType = sourcecode.swift; name = ConversionViewController.swift; path = ../ConversionViewController.swift; sourceTree = "<group>"; };
		E182528A1C4DD78A0097E4C4 /* MapKit.framework */ = {isa = PBXFileReference; lastKnownFileType = wrapper.framework; name = MapKit.framework; path = System/Library/Frameworks/MapKit.framework; sourceTree = SDKROOT; };
		E182528C1C4DDE560097E4C4 /* MapViewController.swift */ = {isa = PBXFileReference; fileEncoding = 4; lastKnownFileType = sourcecode.swift; path = MapViewController.swift; sourceTree = "<group>"; };
		E182528E1C514C8E0097E4C4 /* WebViewController.swift */ = {isa = PBXFileReference; fileEncoding = 4; lastKnownFileType = sourcecode.swift; path = WebViewController.swift; sourceTree = "<group>"; };
/* End PBXFileReference section */

/* Begin PBXFrameworksBuildPhase section */
		E101A6D61C4855F500441BAF /* Frameworks */ = {
			isa = PBXFrameworksBuildPhase;
			buildActionMask = 2147483647;
			files = (
				E182528B1C4DD78A0097E4C4 /* MapKit.framework in Frameworks */,
			);
			runOnlyForDeploymentPostprocessing = 0;
		};
/* End PBXFrameworksBuildPhase section */

/* Begin PBXGroup section */
		E101A6D01C4855F500441BAF = {
			isa = PBXGroup;
			children = (
				E182528A1C4DD78A0097E4C4 /* MapKit.framework */,
				E101A6DB1C4855F500441BAF /* WorldTrotter */,
				E101A6DA1C4855F500441BAF /* Products */,
			);
			sourceTree = "<group>";
		};
		E101A6DA1C4855F500441BAF /* Products */ = {
			isa = PBXGroup;
			children = (
				E101A6D91C4855F500441BAF /* WorldTrotter.app */,
			);
			name = Products;
			sourceTree = "<group>";
		};
		E101A6DB1C4855F500441BAF /* WorldTrotter */ = {
			isa = PBXGroup;
			children = (
				E101A6DC1C4855F500441BAF /* AppDelegate.swift */,
				E101A6EE1C49A38500441BAF /* ConversionViewController.swift */,
				E182528C1C4DDE560097E4C4 /* MapViewController.swift */,
				E182528E1C514C8E0097E4C4 /* WebViewController.swift */,
				E101A6E01C4855F500441BAF /* Main.storyboard */,
				E101A6E31C4855F500441BAF /* Assets.xcassets */,
				E101A6E51C4855F500441BAF /* LaunchScreen.storyboard */,
				E101A6E81C4855F500441BAF /* Info.plist */,
			);
			path = WorldTrotter;
			sourceTree = "<group>";
		};
/* End PBXGroup section */

/* Begin PBXNativeTarget section */
		E101A6D81C4855F500441BAF /* WorldTrotter */ = {
			isa = PBXNativeTarget;
			buildConfigurationList = E101A6EB1C4855F500441BAF /* Build configuration list for PBXNativeTarget "WorldTrotter" */;
			buildPhases = (
				E101A6D51C4855F500441BAF /* Sources */,
				E101A6D61C4855F500441BAF /* Frameworks */,
				E101A6D71C4855F500441BAF /* Resources */,
			);
			buildRules = (
			);
			dependencies = (
			);
			name = WorldTrotter;
			productName = WorldTrotter;
			productReference = E101A6D91C4855F500441BAF /* WorldTrotter.app */;
			productType = "com.apple.product-type.application";
		};
/* End PBXNativeTarget section */

/* Begin PBXProject section */
		E101A6D11C4855F500441BAF /* Project object */ = {
			isa = PBXProject;
			attributes = {
				LastSwiftUpdateCheck = 0720;
				LastUpgradeCheck = 0720;
				ORGANIZATIONNAME = "Big Nerd Ranch";
				TargetAttributes = {
					E101A6D81C4855F500441BAF = {
						CreatedOnToolsVersion = 7.2;
					};
				};
			};
			buildConfigurationList = E101A6D41C4855F500441BAF /* Build configuration list for PBXProject "WorldTrotter" */;
			compatibilityVersion = "Xcode 3.2";
			developmentRegion = English;
			hasScannedForEncodings = 0;
			knownRegions = (
				en,
				Base,
			);
			mainGroup = E101A6D01C4855F500441BAF;
			productRefGroup = E101A6DA1C4855F500441BAF /* Products */;
			projectDirPath = "";
			projectRoot = "";
			targets = (
				E101A6D81C4855F500441BAF /* WorldTrotter */,
			);
		};
/* End PBXProject section */

/* Begin PBXResourcesBuildPhase section */
		E101A6D71C4855F500441BAF /* Resources */ = {
			isa = PBXResourcesBuildPhase;
			buildActionMask = 2147483647;
			files = (
				E101A6E71C4855F500441BAF /* LaunchScreen.storyboard in Resources */,
				E101A6E41C4855F500441BAF /* Assets.xcassets in Resources */,
				E101A6E21C4855F500441BAF /* Main.storyboard in Resources */,
			);
			runOnlyForDeploymentPostprocessing = 0;
		};
/* End PBXResourcesBuildPhase section */

/* Begin PBXSourcesBuildPhase section */
		E101A6D51C4855F500441BAF /* Sources */ = {
			isa = PBXSourcesBuildPhase;
			buildActionMask = 2147483647;
			files = (
				E101A6EF1C49A38500441BAF /* ConversionViewController.swift in Sources */,
				E182528D1C4DDE560097E4C4 /* MapViewController.swift in Sources */,
				E101A6DD1C4855F500441BAF /* AppDelegate.swift in Sources */,
				E182528F1C514C8E0097E4C4 /* WebViewController.swift in Sources */,
			);
			runOnlyForDeploymentPostprocessing = 0;
		};
/* End PBXSourcesBuildPhase section */

/* Begin PBXVariantGroup section */
		E101A6E01C4855F500441BAF /* Main.storyboard */ = {
			isa = PBXVariantGroup;
			children = (
				E101A6E11C4855F500441BAF /* Base */,
			);
			name = Main.storyboard;
			sourceTree = "<group>";
		};
		E101A6E51C4855F500441BAF /* LaunchScreen.storyboard */ = {
			isa = PBXVariantGroup;
			children = (
				E101A6E61C4855F500441BAF /* Base */,
			);
			name = LaunchScreen.storyboard;
			sourceTree = "<group>";
		};
/* End PBXVariantGroup section */

/* Begin XCBuildConfiguration section */
		E101A6E91C4855F500441BAF /* Debug */ = {
			isa = XCBuildConfiguration;
			buildSettings = {
				ALWAYS_SEARCH_USER_PATHS = NO;
				CLANG_CXX_LANGUAGE_STANDARD = "gnu++0x";
				CLANG_CXX_LIBRARY = "libc++";
				CLANG_ENABLE_MODULES = YES;
				CLANG_ENABLE_OBJC_ARC = YES;
				CLANG_WARN_BOOL_CONVERSION = YES;
				CLANG_WARN_CONSTANT_CONVERSION = YES;
				CLANG_WARN_DIRECT_OBJC_ISA_USAGE = YES_ERROR;
				CLANG_WARN_EMPTY_BODY = YES;
				CLANG_WARN_ENUM_CONVERSION = YES;
				CLANG_WARN_INT_CONVERSION = YES;
				CLANG_WARN_OBJC_ROOT_CLASS = YES_ERROR;
				CLANG_WARN_UNREACHABLE_CODE = YES;
				CLANG_WARN__DUPLICATE_METHOD_MATCH = YES;
				"CODE_SIGN_IDENTITY[sdk=iphoneos*]" = "iPhone Developer";
				COPY_PHASE_STRIP = NO;
				DEBUG_INFORMATION_FORMAT = dwarf;
				ENABLE_STRICT_OBJC_MSGSEND = YES;
				ENABLE_TESTABILITY = YES;
				GCC_C_LANGUAGE_STANDARD = gnu99;
				GCC_DYNAMIC_NO_PIC = NO;
				GCC_NO_COMMON_BLOCKS = YES;
				GCC_OPTIMIZATION_LEVEL = 0;
				GCC_PREPROCESSOR_DEFINITIONS = (
					"DEBUG=1",
					"$(inherited)",
				);
				GCC_WARN_64_TO_32_BIT_CONVERSION = YES;
				GCC_WARN_ABOUT_RETURN_TYPE = YES_ERROR;
				GCC_WARN_UNDECLARED_SELECTOR = YES;
				GCC_WARN_UNINITIALIZED_AUTOS = YES_AGGRESSIVE;
				GCC_WARN_UNUSED_FUNCTION = YES;
				GCC_WARN_UNUSED_VARIABLE = YES;
				IPHONEOS_DEPLOYMENT_TARGET = 9.2;
				MTL_ENABLE_DEBUG_INFO = YES;
				ONLY_ACTIVE_ARCH = YES;
				SDKROOT = iphoneos;
				SWIFT_OPTIMIZATION_LEVEL = "-Onone";
			};
			name = Debug;
		};
		E101A6EA1C4855F500441BAF /* Release */ = {
			isa = XCBuildConfiguration;
			buildSettings = {
				ALWAYS_SEARCH_USER_PATHS = NO;
				CLANG_CXX_LANGUAGE_STANDARD = "gnu++0x";
				CLANG_CXX_LIBRARY = "libc++";
				CLANG_ENABLE_MODULES = YES;
				CLANG_ENABLE_OBJC_ARC = YES;
				CLANG_WARN_BOOL_CONVERSION = YES;
				CLANG_WARN_CONSTANT_CONVERSION = YES;
				CLANG_WARN_DIRECT_OBJC_ISA_USAGE = YES_ERROR;
				CLANG_WARN_EMPTY_BODY = YES;
				CLANG_WARN_ENUM_CONVERSION = YES;
				CLANG_WARN_INT_CONVERSION = YES;
				CLANG_WARN_OBJC_ROOT_CLASS = YES_ERROR;
				CLANG_WARN_UNREACHABLE_CODE = YES;
				CLANG_WARN__DUPLICATE_METHOD_MATCH = YES;
				"CODE_SIGN_IDENTITY[sdk=iphoneos*]" = "iPhone Developer";
				COPY_PHASE_STRIP = NO;
				DEBUG_INFORMATION_FORMAT = "dwarf-with-dsym";
				ENABLE_NS_ASSERTIONS = NO;
				ENABLE_STRICT_OBJC_MSGSEND = YES;
				GCC_C_LANGUAGE_STANDARD = gnu99;
				GCC_NO_COMMON_BLOCKS = YES;
				GCC_WARN_64_TO_32_BIT_CONVERSION = YES;
				GCC_WARN_ABOUT_RETURN_TYPE = YES_ERROR;
				GCC_WARN_UNDECLARED_SELECTOR = YES;
				GCC_WARN_UNINITIALIZED_AUTOS = YES_AGGRESSIVE;
				GCC_WARN_UNUSED_FUNCTION = YES;
				GCC_WARN_UNUSED_VARIABLE = YES;
				IPHONEOS_DEPLOYMENT_TARGET = 9.2;
				MTL_ENABLE_DEBUG_INFO = NO;
				SDKROOT = iphoneos;
				VALIDATE_PRODUCT = YES;
			};
			name = Release;
		};
		E101A6EC1C4855F500441BAF /* Debug */ = {
			isa = XCBuildConfiguration;
			buildSettings = {
				ASSETCATALOG_COMPILER_APPICON_NAME = AppIcon;
				INFOPLIST_FILE = WorldTrotter/Info.plist;
				LD_RUNPATH_SEARCH_PATHS = "$(inherited) @executable_path/Frameworks";
				PRODUCT_BUNDLE_IDENTIFIER = com.bignerdranch.WorldTrotter;
				PRODUCT_NAME = "$(TARGET_NAME)";
			};
			name = Debug;
		};
		E101A6ED1C4855F500441BAF /* Release */ = {
			isa = XCBuildConfiguration;
			buildSettings = {
				ASSETCATALOG_COMPILER_APPICON_NAME = AppIcon;
				INFOPLIST_FILE = WorldTrotter/Info.plist;
				LD_RUNPATH_SEARCH_PATHS = "$(inherited) @executable_path/Frameworks";
				PRODUCT_BUNDLE_IDENTIFIER = com.bignerdranch.WorldTrotter;
				PRODUCT_NAME = "$(TARGET_NAME)";
			};
			name = Release;
		};
/* End XCBuildConfiguration section */

/* Begin XCConfigurationList section */
		E101A6D41C4855F500441BAF /* Build configuration list for PBXProject "WorldTrotter" */ = {
			isa = XCConfigurationList;
			buildConfigurations = (
				E101A6E91C4855F500441BAF /* Debug */,
				E101A6EA1C4855F500441BAF /* Release */,
			);
			defaultConfigurationIsVisible = 0;
			defaultConfigurationName = Release;
		};
		E101A6EB1C4855F500441BAF /* Build configuration list for PBXNativeTarget "WorldTrotter" */ = {
			isa = XCConfigurationList;
			buildConfigurations = (
				E101A6EC1C4855F500441BAF /* Debug */,
				E101A6ED1C4855F500441BAF /* Release */,
			);
			defaultConfigurationIsVisible = 0;
			defaultConfigurationName = Release;
		};
/* End XCConfigurationList section */
	};
	rootObject = E101A6D11C4855F500441BAF /* Project object */;
}
